// !$*UTF8*$!
{
	archiveVersion = 1;
	classes = {
	};
	objectVersion = 46;
	objects = {

/* Begin PBXBuildFile section */
		AE356B4E20948829003A98E3 /* AppDelegate.m in Sources */ = {isa = PBXBuildFile; fileRef = AE356B4D20948829003A98E3 /* AppDelegate.m */; };
		AE356B5120948829003A98E3 /* ViewController.m in Sources */ = {isa = PBXBuildFile; fileRef = AE356B5020948829003A98E3 /* ViewController.m */; };
		AE356B5420948829003A98E3 /* Main.storyboard in Resources */ = {isa = PBXBuildFile; fileRef = AE356B5220948829003A98E3 /* Main.storyboard */; };
		AE356B5620948829003A98E3 /* Assets.xcassets in Resources */ = {isa = PBXBuildFile; fileRef = AE356B5520948829003A98E3 /* Assets.xcassets */; };
		AE356B5920948829003A98E3 /* LaunchScreen.storyboard in Resources */ = {isa = PBXBuildFile; fileRef = AE356B5720948829003A98E3 /* LaunchScreen.storyboard */; };
		AE356B5C20948829003A98E3 /* main.m in Sources */ = {isa = PBXBuildFile; fileRef = AE356B5B20948829003A98E3 /* main.m */; };
		AE356B6820948832003A98E3 /* AppDelegate.m in Sources */ = {isa = PBXBuildFile; fileRef = AE356B6720948832003A98E3 /* AppDelegate.m */; };
		AE356B6B20948832003A98E3 /* ViewController.m in Sources */ = {isa = PBXBuildFile; fileRef = AE356B6A20948832003A98E3 /* ViewController.m */; };
		AE356B6D20948833003A98E3 /* Assets.xcassets in Resources */ = {isa = PBXBuildFile; fileRef = AE356B6C20948833003A98E3 /* Assets.xcassets */; };
		AE356B7020948833003A98E3 /* Main.storyboard in Resources */ = {isa = PBXBuildFile; fileRef = AE356B6E20948833003A98E3 /* Main.storyboard */; };
		AE356B7320948833003A98E3 /* main.m in Sources */ = {isa = PBXBuildFile; fileRef = AE356B7220948833003A98E3 /* main.m */; };
		AEF94D8C2176E1B40063EE69 /* KZ_MacroDefinition_iOS.framework in Frameworks */ = {isa = PBXBuildFile; fileRef = AEF94D8B2176E1B40063EE69 /* KZ_MacroDefinition_iOS.framework */; };
		AEF94D8E2176E1B80063EE69 /* KZ_MacroDefinition_macOS.framework in Frameworks */ = {isa = PBXBuildFile; fileRef = AEF94D8D2176E1B80063EE69 /* KZ_MacroDefinition_macOS.framework */; };
/* End PBXBuildFile section */

/* Begin PBXFileReference section */
		AE356B4A20948829003A98E3 /* KZ_MacroDefinition_iOS.app */ = {isa = PBXFileReference; explicitFileType = wrapper.application; includeInIndex = 0; path = KZ_MacroDefinition_iOS.app; sourceTree = BUILT_PRODUCTS_DIR; };
		AE356B4C20948829003A98E3 /* AppDelegate.h */ = {isa = PBXFileReference; lastKnownFileType = sourcecode.c.h; path = AppDelegate.h; sourceTree = "<group>"; };
		AE356B4D20948829003A98E3 /* AppDelegate.m */ = {isa = PBXFileReference; lastKnownFileType = sourcecode.c.objc; path = AppDelegate.m; sourceTree = "<group>"; };
		AE356B4F20948829003A98E3 /* ViewController.h */ = {isa = PBXFileReference; lastKnownFileType = sourcecode.c.h; path = ViewController.h; sourceTree = "<group>"; };
		AE356B5020948829003A98E3 /* ViewController.m */ = {isa = PBXFileReference; lastKnownFileType = sourcecode.c.objc; path = ViewController.m; sourceTree = "<group>"; };
		AE356B5320948829003A98E3 /* Base */ = {isa = PBXFileReference; lastKnownFileType = file.storyboard; name = Base; path = Base.lproj/Main.storyboard; sourceTree = "<group>"; };
		AE356B5520948829003A98E3 /* Assets.xcassets */ = {isa = PBXFileReference; lastKnownFileType = folder.assetcatalog; path = Assets.xcassets; sourceTree = "<group>"; };
		AE356B5820948829003A98E3 /* Base */ = {isa = PBXFileReference; lastKnownFileType = file.storyboard; name = Base; path = Base.lproj/LaunchScreen.storyboard; sourceTree = "<group>"; };
		AE356B5A20948829003A98E3 /* Info.plist */ = {isa = PBXFileReference; lastKnownFileType = text.plist.xml; path = Info.plist; sourceTree = "<group>"; };
		AE356B5B20948829003A98E3 /* main.m */ = {isa = PBXFileReference; lastKnownFileType = sourcecode.c.objc; path = main.m; sourceTree = "<group>"; };
		AE356B6420948832003A98E3 /* KZ_MacroDefinition_macOS.app */ = {isa = PBXFileReference; explicitFileType = wrapper.application; includeInIndex = 0; path = KZ_MacroDefinition_macOS.app; sourceTree = BUILT_PRODUCTS_DIR; };
		AE356B6620948832003A98E3 /* AppDelegate.h */ = {isa = PBXFileReference; lastKnownFileType = sourcecode.c.h; path = AppDelegate.h; sourceTree = "<group>"; };
		AE356B6720948832003A98E3 /* AppDelegate.m */ = {isa = PBXFileReference; lastKnownFileType = sourcecode.c.objc; path = AppDelegate.m; sourceTree = "<group>"; };
		AE356B6920948832003A98E3 /* ViewController.h */ = {isa = PBXFileReference; lastKnownFileType = sourcecode.c.h; path = ViewController.h; sourceTree = "<group>"; };
		AE356B6A20948832003A98E3 /* ViewController.m */ = {isa = PBXFileReference; lastKnownFileType = sourcecode.c.objc; path = ViewController.m; sourceTree = "<group>"; };
		AE356B6C20948833003A98E3 /* Assets.xcassets */ = {isa = PBXFileReference; lastKnownFileType = folder.assetcatalog; path = Assets.xcassets; sourceTree = "<group>"; };
		AE356B6F20948833003A98E3 /* Base */ = {isa = PBXFileReference; lastKnownFileType = file.storyboard; name = Base; path = Base.lproj/Main.storyboard; sourceTree = "<group>"; };
		AE356B7120948833003A98E3 /* Info.plist */ = {isa = PBXFileReference; lastKnownFileType = text.plist.xml; path = Info.plist; sourceTree = "<group>"; };
		AE356B7220948833003A98E3 /* main.m */ = {isa = PBXFileReference; lastKnownFileType = sourcecode.c.objc; path = main.m; sourceTree = "<group>"; };
		AE356B7420948833003A98E3 /* KZ_MacroDefinition_macOS.entitlements */ = {isa = PBXFileReference; lastKnownFileType = text.plist.entitlements; path = KZ_MacroDefinition_macOS.entitlements; sourceTree = "<group>"; };
		AEF94D8B2176E1B40063EE69 /* KZ_MacroDefinition_iOS.framework */ = {isa = PBXFileReference; lastKnownFileType = wrapper.framework; path = KZ_MacroDefinition_iOS.framework; sourceTree = "<group>"; };
		AEF94D8D2176E1B80063EE69 /* KZ_MacroDefinition_macOS.framework */ = {isa = PBXFileReference; lastKnownFileType = wrapper.framework; path = KZ_MacroDefinition_macOS.framework; sourceTree = "<group>"; };
/* End PBXFileReference section */

/* Begin PBXFrameworksBuildPhase section */
		AE356B4720948829003A98E3 /* Frameworks */ = {
			isa = PBXFrameworksBuildPhase;
			buildActionMask = 2147483647;
			files = (
				AEF94D8C2176E1B40063EE69 /* KZ_MacroDefinition_iOS.framework in Frameworks */,
			);
			runOnlyForDeploymentPostprocessing = 0;
		};
		AE356B6120948832003A98E3 /* Frameworks */ = {
			isa = PBXFrameworksBuildPhase;
			buildActionMask = 2147483647;
			files = (
				AEF94D8E2176E1B80063EE69 /* KZ_MacroDefinition_macOS.framework in Frameworks */,
			);
			runOnlyForDeploymentPostprocessing = 0;
		};
/* End PBXFrameworksBuildPhase section */

/* Begin PBXGroup section */
		AE356B4B20948829003A98E3 /* KZ_MacroDefinition_iOS */ = {
			isa = PBXGroup;
			children = (
				AE356B4C20948829003A98E3 /* AppDelegate.h */,
				AE356B4D20948829003A98E3 /* AppDelegate.m */,
				AE356B4F20948829003A98E3 /* ViewController.h */,
				AE356B5020948829003A98E3 /* ViewController.m */,
				AE356B78209488CD003A98E3 /* MacroDefinition */,
				AE356B5220948829003A98E3 /* Main.storyboard */,
				AE356B5520948829003A98E3 /* Assets.xcassets */,
				AE356B5720948829003A98E3 /* LaunchScreen.storyboard */,
				AE356B5A20948829003A98E3 /* Info.plist */,
				AE356B5B20948829003A98E3 /* main.m */,
			);
			path = KZ_MacroDefinition_iOS;
			sourceTree = "<group>";
		};
		AE356B6520948832003A98E3 /* KZ_MacroDefinition_macOS */ = {
			isa = PBXGroup;
			children = (
				AE356B6620948832003A98E3 /* AppDelegate.h */,
				AE356B6720948832003A98E3 /* AppDelegate.m */,
				AE356B6920948832003A98E3 /* ViewController.h */,
				AE356B6A20948832003A98E3 /* ViewController.m */,
				AE356B7B209488D5003A98E3 /* MacroDefinition */,
				AE356B6C20948833003A98E3 /* Assets.xcassets */,
				AE356B6E20948833003A98E3 /* Main.storyboard */,
				AE356B7120948833003A98E3 /* Info.plist */,
				AE356B7220948833003A98E3 /* main.m */,
				AE356B7420948833003A98E3 /* KZ_MacroDefinition_macOS.entitlements */,
			);
			path = KZ_MacroDefinition_macOS;
			sourceTree = "<group>";
		};
		AE356B78209488CD003A98E3 /* MacroDefinition */ = {
			isa = PBXGroup;
			children = (
				AEF94D8B2176E1B40063EE69 /* KZ_MacroDefinition_iOS.framework */,
			);
			path = MacroDefinition;
			sourceTree = "<group>";
		};
		AE356B7B209488D5003A98E3 /* MacroDefinition */ = {
			isa = PBXGroup;
			children = (
				AEF94D8D2176E1B80063EE69 /* KZ_MacroDefinition_macOS.framework */,
			);
			path = MacroDefinition;
			sourceTree = "<group>";
		};
		AEF174FB1E0E95B9003D041A = {
			isa = PBXGroup;
			children = (
				AE356B4B20948829003A98E3 /* KZ_MacroDefinition_iOS */,
				AE356B6520948832003A98E3 /* KZ_MacroDefinition_macOS */,
				AEF175051E0E95B9003D041A /* Products */,
			);
			sourceTree = "<group>";
		};
		AEF175051E0E95B9003D041A /* Products */ = {
			isa = PBXGroup;
			children = (
				AE356B4A20948829003A98E3 /* KZ_MacroDefinition_iOS.app */,
				AE356B6420948832003A98E3 /* KZ_MacroDefinition_macOS.app */,
			);
			name = Products;
			sourceTree = "<group>";
		};
/* End PBXGroup section */

/* Begin PBXNativeTarget section */
		AE356B4920948829003A98E3 /* KZ_MacroDefinition_iOS */ = {
			isa = PBXNativeTarget;
			buildConfigurationList = AE356B5F20948829003A98E3 /* Build configuration list for PBXNativeTarget "KZ_MacroDefinition_iOS" */;
			buildPhases = (
				AE356B4620948829003A98E3 /* Sources */,
				AE356B4720948829003A98E3 /* Frameworks */,
				AE356B4820948829003A98E3 /* Resources */,
			);
			buildRules = (
			);
			dependencies = (
			);
			name = KZ_MacroDefinition_iOS;
			productName = KZ_MacroDefinition_iOS;
			productReference = AE356B4A20948829003A98E3 /* KZ_MacroDefinition_iOS.app */;
			productType = "com.apple.product-type.application";
		};
		AE356B6320948832003A98E3 /* KZ_MacroDefinition_macOS */ = {
			isa = PBXNativeTarget;
			buildConfigurationList = AE356B7520948833003A98E3 /* Build configuration list for PBXNativeTarget "KZ_MacroDefinition_macOS" */;
			buildPhases = (
				AE356B6020948832003A98E3 /* Sources */,
				AE356B6120948832003A98E3 /* Frameworks */,
				AE356B6220948832003A98E3 /* Resources */,
			);
			buildRules = (
			);
			dependencies = (
			);
			name = KZ_MacroDefinition_macOS;
			productName = KZ_MacroDefinition_macOS;
			productReference = AE356B6420948832003A98E3 /* KZ_MacroDefinition_macOS.app */;
			productType = "com.apple.product-type.application";
		};
/* End PBXNativeTarget section */

/* Begin PBXProject section */
		AEF174FC1E0E95B9003D041A /* Project object */ = {
			isa = PBXProject;
			attributes = {
				LastUpgradeCheck = 0930;
				ORGANIZATIONNAME = "Kieron Zhang";
				TargetAttributes = {
					AE356B4920948829003A98E3 = {
						CreatedOnToolsVersion = 9.3;
						DevelopmentTeam = TGTFTDLM8G;
						ProvisioningStyle = Automatic;
					};
					AE356B6320948832003A98E3 = {
						CreatedOnToolsVersion = 9.3;
						DevelopmentTeam = TGTFTDLM8G;
						ProvisioningStyle = Automatic;
					};
				};
			};
			buildConfigurationList = AEF174FF1E0E95B9003D041A /* Build configuration list for PBXProject "KZ_MacroDefinition" */;
			compatibilityVersion = "Xcode 3.2";
			developmentRegion = English;
			hasScannedForEncodings = 0;
			knownRegions = (
				en,
				Base,
			);
			mainGroup = AEF174FB1E0E95B9003D041A;
			productRefGroup = AEF175051E0E95B9003D041A /* Products */;
			projectDirPath = "";
			projectRoot = "";
			targets = (
				AE356B4920948829003A98E3 /* KZ_MacroDefinition_iOS */,
				AE356B6320948832003A98E3 /* KZ_MacroDefinition_macOS */,
			);
		};
/* End PBXProject section */

/* Begin PBXResourcesBuildPhase section */
		AE356B4820948829003A98E3 /* Resources */ = {
			isa = PBXResourcesBuildPhase;
			buildActionMask = 2147483647;
			files = (
				AE356B5920948829003A98E3 /* LaunchScreen.storyboard in Resources */,
				AE356B5620948829003A98E3 /* Assets.xcassets in Resources */,
				AE356B5420948829003A98E3 /* Main.storyboard in Resources */,
			);
			runOnlyForDeploymentPostprocessing = 0;
		};
		AE356B6220948832003A98E3 /* Resources */ = {
			isa = PBXResourcesBuildPhase;
			buildActionMask = 2147483647;
			files = (
				AE356B6D20948833003A98E3 /* Assets.xcassets in Resources */,
				AE356B7020948833003A98E3 /* Main.storyboard in Resources */,
			);
			runOnlyForDeploymentPostprocessing = 0;
		};
/* End PBXResourcesBuildPhase section */

/* Begin PBXSourcesBuildPhase section */
		AE356B4620948829003A98E3 /* Sources */ = {
			isa = PBXSourcesBuildPhase;
			buildActionMask = 2147483647;
			files = (
				AE356B5120948829003A98E3 /* ViewController.m in Sources */,
				AE356B5C20948829003A98E3 /* main.m in Sources */,
				AE356B4E20948829003A98E3 /* AppDelegate.m in Sources */,
			);
			runOnlyForDeploymentPostprocessing = 0;
		};
		AE356B6020948832003A98E3 /* Sources */ = {
			isa = PBXSourcesBuildPhase;
			buildActionMask = 2147483647;
			files = (
				AE356B6B20948832003A98E3 /* ViewController.m in Sources */,
				AE356B7320948833003A98E3 /* main.m in Sources */,
				AE356B6820948832003A98E3 /* AppDelegate.m in Sources */,
			);
			runOnlyForDeploymentPostprocessing = 0;
		};
/* End PBXSourcesBuildPhase section */

/* Begin PBXVariantGroup section */
		AE356B5220948829003A98E3 /* Main.storyboard */ = {
			isa = PBXVariantGroup;
			children = (
				AE356B5320948829003A98E3 /* Base */,
			);
			name = Main.storyboard;
			sourceTree = "<group>";
		};
		AE356B5720948829003A98E3 /* LaunchScreen.storyboard */ = {
			isa = PBXVariantGroup;
			children = (
				AE356B5820948829003A98E3 /* Base */,
			);
			name = LaunchScreen.storyboard;
			sourceTree = "<group>";
		};
		AE356B6E20948833003A98E3 /* Main.storyboard */ = {
			isa = PBXVariantGroup;
			children = (
				AE356B6F20948833003A98E3 /* Base */,
			);
			name = Main.storyboard;
			sourceTree = "<group>";
		};
/* End PBXVariantGroup section */

/* Begin XCBuildConfiguration section */
		AE356B5D20948829003A98E3 /* Debug */ = {
			isa = XCBuildConfiguration;
			buildSettings = {
				ASSETCATALOG_COMPILER_APPICON_NAME = AppIcon;
				ASSETCATALOG_COMPILER_LAUNCHIMAGE_NAME = LaunchImage;
				CLANG_ANALYZER_NUMBER_OBJECT_CONVERSION = YES_AGGRESSIVE;
				CLANG_CXX_LANGUAGE_STANDARD = "gnu++14";
				CLANG_ENABLE_OBJC_WEAK = YES;
				CLANG_WARN_DEPRECATED_OBJC_IMPLEMENTATIONS = YES;
				CLANG_WARN_OBJC_IMPLICIT_RETAIN_SELF = YES;
				CLANG_WARN_UNGUARDED_AVAILABILITY = YES_AGGRESSIVE;
				CODE_SIGN_IDENTITY = "iPhone Developer";
				CODE_SIGN_STYLE = Automatic;
				DEVELOPMENT_TEAM = TGTFTDLM8G;
				FRAMEWORK_SEARCH_PATHS = (
					"$(inherited)",
					"$(PROJECT_DIR)/KZ_MacroDefinition_iOS/MacroDefinition",
				);
				GCC_C_LANGUAGE_STANDARD = gnu11;
				INFOPLIST_FILE = KZ_MacroDefinition_iOS/Info.plist;
				IPHONEOS_DEPLOYMENT_TARGET = 8.0;
				LD_RUNPATH_SEARCH_PATHS = "$(inherited) @executable_path/Frameworks";
				OTHER_LDFLAGS = "-ObjC";
				PRODUCT_BUNDLE_IDENTIFIER = com.kieronzhang.MacroDefinition;
				PRODUCT_NAME = "$(TARGET_NAME)";
				TARGETED_DEVICE_FAMILY = 1;
			};
			name = Debug;
		};
		AE356B5E20948829003A98E3 /* Release */ = {
			isa = XCBuildConfiguration;
			buildSettings = {
				ASSETCATALOG_COMPILER_APPICON_NAME = AppIcon;
				ASSETCATALOG_COMPILER_LAUNCHIMAGE_NAME = LaunchImage;
				CLANG_ANALYZER_NUMBER_OBJECT_CONVERSION = YES_AGGRESSIVE;
				CLANG_CXX_LANGUAGE_STANDARD = "gnu++14";
				CLANG_ENABLE_OBJC_WEAK = YES;
				CLANG_WARN_DEPRECATED_OBJC_IMPLEMENTATIONS = YES;
				CLANG_WARN_OBJC_IMPLICIT_RETAIN_SELF = YES;
				CLANG_WARN_UNGUARDED_AVAILABILITY = YES_AGGRESSIVE;
				CODE_SIGN_IDENTITY = "iPhone Developer";
				CODE_SIGN_STYLE = Automatic;
				DEVELOPMENT_TEAM = TGTFTDLM8G;
				FRAMEWORK_SEARCH_PATHS = (
					"$(inherited)",
					"$(PROJECT_DIR)/KZ_MacroDefinition_iOS/MacroDefinition",
				);
				GCC_C_LANGUAGE_STANDARD = gnu11;
				INFOPLIST_FILE = KZ_MacroDefinition_iOS/Info.plist;
				IPHONEOS_DEPLOYMENT_TARGET = 8.0;
				LD_RUNPATH_SEARCH_PATHS = "$(inherited) @executable_path/Frameworks";
				OTHER_LDFLAGS = "-ObjC";
				PRODUCT_BUNDLE_IDENTIFIER = com.kieronzhang.MacroDefinition;
				PRODUCT_NAME = "$(TARGET_NAME)";
				TARGETED_DEVICE_FAMILY = 1;
			};
			name = Release;
		};
		AE356B7620948833003A98E3 /* Debug */ = {
			isa = XCBuildConfiguration;
			buildSettings = {
				ASSETCATALOG_COMPILER_APPICON_NAME = AppIcon;
				CLANG_ANALYZER_NUMBER_OBJECT_CONVERSION = YES_AGGRESSIVE;
				CLANG_CXX_LANGUAGE_STANDARD = "gnu++14";
				CLANG_ENABLE_OBJC_WEAK = YES;
				CLANG_WARN_DEPRECATED_OBJC_IMPLEMENTATIONS = YES;
				CLANG_WARN_OBJC_IMPLICIT_RETAIN_SELF = YES;
				CLANG_WARN_UNGUARDED_AVAILABILITY = YES_AGGRESSIVE;
				CODE_SIGN_ENTITLEMENTS = KZ_MacroDefinition_macOS/KZ_MacroDefinition_macOS.entitlements;
				CODE_SIGN_IDENTITY = "Mac Developer";
				CODE_SIGN_STYLE = Automatic;
				COMBINE_HIDPI_IMAGES = YES;
				DEVELOPMENT_TEAM = TGTFTDLM8G;
				FRAMEWORK_SEARCH_PATHS = (
					"$(inherited)",
					"$(PROJECT_DIR)/KZ_MacroDefinition_macOS/MacroDefinition",
				);
				GCC_C_LANGUAGE_STANDARD = gnu11;
				INFOPLIST_FILE = KZ_MacroDefinition_macOS/Info.plist;
				LD_RUNPATH_SEARCH_PATHS = "$(inherited) @executable_path/../Frameworks";
				MACOSX_DEPLOYMENT_TARGET = 10.10;
				OTHER_LDFLAGS = "-ObjC";
				PRODUCT_BUNDLE_IDENTIFIER = com.kieronzhang.MacroDefinition;
				PRODUCT_NAME = "$(TARGET_NAME)";
				SDKROOT = macosx;
			};
			name = Debug;
		};
		AE356B7720948833003A98E3 /* Release */ = {
			isa = XCBuildConfiguration;
			buildSettings = {
				ASSETCATALOG_COMPILER_APPICON_NAME = AppIcon;
				CLANG_ANALYZER_NUMBER_OBJECT_CONVERSION = YES_AGGRESSIVE;
				CLANG_CXX_LANGUAGE_STANDARD = "gnu++14";
				CLANG_ENABLE_OBJC_WEAK = YES;
				CLANG_WARN_DEPRECATED_OBJC_IMPLEMENTATIONS = YES;
				CLANG_WARN_OBJC_IMPLICIT_RETAIN_SELF = YES;
				CLANG_WARN_UNGUARDED_AVAILABILITY = YES_AGGRESSIVE;
				CODE_SIGN_ENTITLEMENTS = KZ_MacroDefinition_macOS/KZ_MacroDefinition_macOS.entitlements;
				CODE_SIGN_IDENTITY = "Mac Developer";
				CODE_SIGN_STYLE = Automatic;
				COMBINE_HIDPI_IMAGES = YES;
				DEVELOPMENT_TEAM = TGTFTDLM8G;
				FRAMEWORK_SEARCH_PATHS = (
					"$(inherited)",
					"$(PROJECT_DIR)/KZ_MacroDefinition_macOS/MacroDefinition",
				);
				GCC_C_LANGUAGE_STANDARD = gnu11;
				INFOPLIST_FILE = KZ_MacroDefinition_macOS/Info.plist;
				LD_RUNPATH_SEARCH_PATHS = "$(inherited) @executable_path/../Frameworks";
				MACOSX_DEPLOYMENT_TARGET = 10.10;
				OTHER_LDFLAGS = "-ObjC";
				PRODUCT_BUNDLE_IDENTIFIER = com.kieronzhang.MacroDefinition;
				PRODUCT_NAME = "$(TARGET_NAME)";
				SDKROOT = macosx;
			};
			name = Release;
		};
		AEF1752F1E0E95B9003D041A /* Debug */ = {
			isa = XCBuildConfiguration;
			buildSettings = {
				ALWAYS_SEARCH_USER_PATHS = NO;
				CLANG_ANALYZER_NONNULL = YES;
				CLANG_CXX_LANGUAGE_STANDARD = "gnu++0x";
				CLANG_CXX_LIBRARY = "libc++";
				CLANG_ENABLE_MODULES = YES;
				CLANG_ENABLE_OBJC_ARC = YES;
				CLANG_WARN_BLOCK_CAPTURE_AUTORELEASING = YES;
				CLANG_WARN_BOOL_CONVERSION = YES;
				CLANG_WARN_COMMA = YES;
				CLANG_WARN_CONSTANT_CONVERSION = YES;
				CLANG_WARN_DEPRECATED_OBJC_IMPLEMENTATIONS = YES;
				CLANG_WARN_DIRECT_OBJC_ISA_USAGE = YES_ERROR;
				CLANG_WARN_DOCUMENTATION_COMMENTS = YES;
				CLANG_WARN_EMPTY_BODY = YES;
				CLANG_WARN_ENUM_CONVERSION = YES;
				CLANG_WARN_INFINITE_RECURSION = YES;
				CLANG_WARN_INT_CONVERSION = YES;
				CLANG_WARN_NON_LITERAL_NULL_CONVERSION = YES;
				CLANG_WARN_OBJC_IMPLICIT_RETAIN_SELF = YES;
				CLANG_WARN_OBJC_LITERAL_CONVERSION = YES;
				CLANG_WARN_OBJC_ROOT_CLASS = YES_ERROR;
				CLANG_WARN_RANGE_LOOP_ANALYSIS = YES;
				CLANG_WARN_STRICT_PROTOTYPES = YES;
				CLANG_WARN_SUSPICIOUS_MOVE = YES;
				CLANG_WARN_UNREACHABLE_CODE = YES;
				CLANG_WARN__DUPLICATE_METHOD_MATCH = YES;
				"CODE_SIGN_IDENTITY[sdk=iphoneos*]" = "iPhone Developer";
				COPY_PHASE_STRIP = NO;
				DEBUG_INFORMATION_FORMAT = dwarf;
				ENABLE_STRICT_OBJC_MSGSEND = YES;
				ENABLE_TESTABILITY = YES;
				GCC_C_LANGUAGE_STANDARD = gnu99;
				GCC_DYNAMIC_NO_PIC = NO;
				GCC_NO_COMMON_BLOCKS = YES;
				GCC_OPTIMIZATION_LEVEL = 0;
				GCC_PREPROCESSOR_DEFINITIONS = (
					"DEBUG=1",
					"$(inherited)",
				);
				GCC_WARN_64_TO_32_BIT_CONVERSION = YES;
				GCC_WARN_ABOUT_RETURN_TYPE = YES_ERROR;
				GCC_WARN_UNDECLARED_SELECTOR = YES;
				GCC_WARN_UNINITIALIZED_AUTOS = YES_AGGRESSIVE;
				GCC_WARN_UNUSED_FUNCTION = YES;
				GCC_WARN_UNUSED_VARIABLE = YES;
				IPHONEOS_DEPLOYMENT_TARGET = 8.0;
				MACOSX_DEPLOYMENT_TARGET = 10.10;
				MTL_ENABLE_DEBUG_INFO = YES;
				ONLY_ACTIVE_ARCH = YES;
				SDKROOT = iphoneos;
				TARGETED_DEVICE_FAMILY = "1,2";
			};
			name = Debug;
		};
		AEF175301E0E95B9003D041A /* Release */ = {
			isa = XCBuildConfiguration;
			buildSettings = {
				ALWAYS_SEARCH_USER_PATHS = NO;
				CLANG_ANALYZER_NONNULL = YES;
				CLANG_CXX_LANGUAGE_STANDARD = "gnu++0x";
				CLANG_CXX_LIBRARY = "libc++";
				CLANG_ENABLE_MODULES = YES;
				CLANG_ENABLE_OBJC_ARC = YES;
				CLANG_WARN_BLOCK_CAPTURE_AUTORELEASING = YES;
				CLANG_WARN_BOOL_CONVERSION = YES;
				CLANG_WARN_COMMA = YES;
				CLANG_WARN_CONSTANT_CONVERSION = YES;
				CLANG_WARN_DEPRECATED_OBJC_IMPLEMENTATIONS = YES;
				CLANG_WARN_DIRECT_OBJC_ISA_USAGE = YES_ERROR;
				CLANG_WARN_DOCUMENTATION_COMMENTS = YES;
				CLANG_WARN_EMPTY_BODY = YES;
				CLANG_WARN_ENUM_CONVERSION = YES;
				CLANG_WARN_INFINITE_RECURSION = YES;
				CLANG_WARN_INT_CONVERSION = YES;
				CLANG_WARN_NON_LITERAL_NULL_CONVERSION = YES;
				CLANG_WARN_OBJC_IMPLICIT_RETAIN_SELF = YES;
				CLANG_WARN_OBJC_LITERAL_CONVERSION = YES;
				CLANG_WARN_OBJC_ROOT_CLASS = YES_ERROR;
				CLANG_WARN_RANGE_LOOP_ANALYSIS = YES;
				CLANG_WARN_STRICT_PROTOTYPES = YES;
				CLANG_WARN_SUSPICIOUS_MOVE = YES;
				CLANG_WARN_UNREACHABLE_CODE = YES;
				CLANG_WARN__DUPLICATE_METHOD_MATCH = YES;
				"CODE_SIGN_IDENTITY[sdk=iphoneos*]" = "iPhone Developer";
				COPY_PHASE_STRIP = NO;
				DEBUG_INFORMATION_FORMAT = "dwarf-with-dsym";
				ENABLE_NS_ASSERTIONS = NO;
				ENABLE_STRICT_OBJC_MSGSEND = YES;
				GCC_C_LANGUAGE_STANDARD = gnu99;
				GCC_NO_COMMON_BLOCKS = YES;
				GCC_WARN_64_TO_32_BIT_CONVERSION = YES;
				GCC_WARN_ABOUT_RETURN_TYPE = YES_ERROR;
				GCC_WARN_UNDECLARED_SELECTOR = YES;
				GCC_WARN_UNINITIALIZED_AUTOS = YES_AGGRESSIVE;
				GCC_WARN_UNUSED_FUNCTION = YES;
				GCC_WARN_UNUSED_VARIABLE = YES;
				IPHONEOS_DEPLOYMENT_TARGET = 8.0;
				MACOSX_DEPLOYMENT_TARGET = 10.10;
				MTL_ENABLE_DEBUG_INFO = NO;
				SDKROOT = iphoneos;
				TARGETED_DEVICE_FAMILY = "1,2";
				VALIDATE_PRODUCT = YES;
			};
			name = Release;
		};
/* End XCBuildConfiguration section */

/* Begin XCConfigurationList section */
		AE356B5F20948829003A98E3 /* Build configuration list for PBXNativeTarget "KZ_MacroDefinition_iOS" */ = {
			isa = XCConfigurationList;
			buildConfigurations = (
				AE356B5D20948829003A98E3 /* Debug */,
				AE356B5E20948829003A98E3 /* Release */,
			);
			defaultConfigurationIsVisible = 0;
			defaultConfigurationName = Release;
		};
		AE356B7520948833003A98E3 /* Build configuration list for PBXNativeTarget "KZ_MacroDefinition_macOS" */ = {
			isa = XCConfigurationList;
			buildConfigurations = (
				AE356B7620948833003A98E3 /* Debug */,
				AE356B7720948833003A98E3 /* Release */,
			);
			defaultConfigurationIsVisible = 0;
			defaultConfigurationName = Release;
		};
		AEF174FF1E0E95B9003D041A /* Build configuration list for PBXProject "KZ_MacroDefinition" */ = {
			isa = XCConfigurationList;
			buildConfigurations = (
				AEF1752F1E0E95B9003D041A /* Debug */,
				AEF175301E0E95B9003D041A /* Release */,
			);
			defaultConfigurationIsVisible = 0;
			defaultConfigurationName = Release;
		};
/* End XCConfigurationList section */
	};
	rootObject = AEF174FC1E0E95B9003D041A /* Project object */;
}
